
Microsoft Visual Studio Solution File, Format Version 12.00
# Visual Studio Version 17
VisualStudioVersion = 17.11.35327.3
MinimumVisualStudioVersion = 10.0.40219.1
Project("{FAE04EC0-301F-11D3-BF4B-00C04F79EFBC}") = "SoccerTeamRankingFacts", "SoccerTeamRanking\SoccerTeamRankingFacts.csproj", "{7CEE6AE0-238E-4A54-9132-4FCD2509B5DE}"
EndProject
Project("{FAE04EC0-301F-11D3-BF4B-00C04F79EFBC}") = "SoccerTeamRanking", "Ranking\SoccerTeamRanking.csproj", "{F5A31CB4-C7F1-470B-9FB4-C99E75437033}"
EndProject
Global
	GlobalSection(SolutionConfigurationPlatforms) = preSolution
		Debug|Any CPU = Debug|Any CPU
		Release|Any CPU = Release|Any CPU
	EndGlobalSection
	GlobalSection(ProjectConfigurationPlatforms) = postSolution
		{7CEE6AE0-238E-4A54-9132-4FCD2509B5DE}.Debug|Any CPU.ActiveCfg = Debug|Any CPU
		{7CEE6AE0-238E-4A54-9132-4FCD2509B5DE}.Debug|Any CPU.Build.0 = Debug|Any CPU
		{7CEE6AE0-238E-4A54-9132-4FCD2509B5DE}.Release|Any CPU.ActiveCfg = Release|Any CPU
		{7CEE6AE0-238E-4A54-9132-4FCD2509B5DE}.Release|Any CPU.Build.0 = Release|Any CPU
		{F5A31CB4-C7F1-470B-9FB4-C99E75437033}.Debug|Any CPU.ActiveCfg = Debug|Any CPU
		{F5A31CB4-C7F1-470B-9FB4-C99E75437033}.Debug|Any CPU.Build.0 = Debug|Any CPU
		{F5A31CB4-C7F1-470B-9FB4-C99E75437033}.Release|Any CPU.ActiveCfg = Release|Any CPU
		{F5A31CB4-C7F1-470B-9FB4-C99E75437033}.Release|Any CPU.Build.0 = Release|Any CPU
	EndGlobalSection
	GlobalSection(SolutionProperties) = preSolution
		HideSolutionNode = FALSE
	EndGlobalSection
	GlobalSection(ExtensibilityGlobals) = postSolution
		SolutionGuid = {3EE392CE-F178-431B-A64E-691E4CC17C7B}
	EndGlobalSection
EndGlobal
